// !$*UTF8*$!
{
	archiveVersion = 1;
	classes = {
	};
	objectVersion = 56;
	objects = {

/* Begin PBXBuildFile section */
		2F94B3448D95F8F589C4F77E /* WidgetKit.framework in Frameworks */ = {isa = PBXBuildFile; fileRef = 7E1E4A014B65F5B2582BF6FC /* WidgetKit.framework */; };
		383E2664D42C86098F069013 /* SMLWidgetShared.swift in Sources */ = {isa = PBXBuildFile; fileRef = 4FE2C00576976AEC8DC12AC4 /* SMLWidgetShared.swift */; };
		735F5826193184C858EBD47A /* SMLWidget.appex in Embed Foundation Extensions */ = {isa = PBXBuildFile; fileRef = 0F2883B09BCE5C9B43166B9A /* SMLWidget.appex */; settings = {ATTRIBUTES = (RemoveHeadersOnCopy, ); }; };
		807B62334C0FE02A0B59CF41 /* SMLWidget.swift in Sources */ = {isa = PBXBuildFile; fileRef = 574D6F02BA1AF5C70E5F8DDA /* SMLWidget.swift */; };
		AA11BB22CC33DD44EE55FF66 /* Assets.xcassets in Resources */ = {isa = PBXBuildFile; fileRef = D5A7A2072F64AF2E00BC6815 /* Assets.xcassets */; };
		AA22BB33CC44DD55EE66FF78 /* NativeGuestHomeView.swift in Sources */ = {isa = PBXBuildFile; fileRef = AA22BB33CC44DD55EE66FF77 /* NativeGuestHomeView.swift */; };
		B4BE104C5AFFCEDCC121645C /* SMLWidgetShared.swift in Sources */ = {isa = PBXBuildFile; fileRef = 4FE2C00576976AEC8DC12AC4 /* SMLWidgetShared.swift */; };
		BB33CC44DD55EE66FF778801 /* NativeClientHomeView.swift in Sources */ = {isa = PBXBuildFile; fileRef = BB33CC44DD55EE66FF778800 /* NativeClientHomeView.swift */; };
		C9778975230A187C7DC92FFE /* SMLWidgetBundle.swift in Sources */ = {isa = PBXBuildFile; fileRef = 4C990C272E3E79C40B39A3CE /* SMLWidgetBundle.swift */; };
		CC44DD55EE66FF7788990011 /* SMLIntents.swift in Sources */ = {isa = PBXBuildFile; fileRef = CC44DD55EE66FF7788990010 /* SMLIntents.swift */; };
		D566A59E2FAFB6090097B0F8 /* SMLLiveActivityManager.swift in Sources */ = {isa = PBXBuildFile; fileRef = EE66FF778899001122330010 /* SMLLiveActivityManager.swift */; };
		D591D1752F64B7F1003A8934 /* RoleState.swift in Sources */ = {isa = PBXBuildFile; fileRef = D591D1742F64B7F1003A8934 /* RoleState.swift */; };
		D5A7A2042F64AF2A00BC6815 /* SMLApp.swift in Sources */ = {isa = PBXBuildFile; fileRef = D5A7A2032F64AF2A00BC6815 /* SMLApp.swift */; };
		D5A7A2062F64AF2A00BC6815 /* ContentView.swift in Sources */ = {isa = PBXBuildFile; fileRef = D5A7A2052F64AF2A00BC6815 /* ContentView.swift */; };
		D5A7A2082F64AF2E00BC6815 /* Assets.xcassets in Resources */ = {isa = PBXBuildFile; fileRef = D5A7A2072F64AF2E00BC6815 /* Assets.xcassets */; };
		D5A7A20B2F64AF2E00BC6815 /* Preview Assets.xcassets in Resources */ = {isa = PBXBuildFile; fileRef = D5A7A20A2F64AF2E00BC6815 /* Preview Assets.xcassets */; };
		D5A7A2122F64AFFC00BC6815 /* WebView.swift in Sources */ = {isa = PBXBuildFile; fileRef = D5A7A2112F64AFFC00BC6815 /* WebView.swift */; };
		D5A7A2142F64B07100BC6815 /* PushState.swift in Sources */ = {isa = PBXBuildFile; fileRef = D5A7A2132F64B07100BC6815 /* PushState.swift */; };
		D5A7A2162F64B0A200BC6815 /* NotificationsView.swift in Sources */ = {isa = PBXBuildFile; fileRef = D5A7A2152F64B0A200BC6815 /* NotificationsView.swift */; };
		D5A7A2182F64B0BA00BC6815 /* MoreRootView.swift in Sources */ = {isa = PBXBuildFile; fileRef = D5A7A2172F64B0BA00BC6815 /* MoreRootView.swift */; };
		D5A7A21A2F64B0D100BC6815 /* AppDelegate.swift in Sources */ = {isa = PBXBuildFile; fileRef = D5A7A2192F64B0D100BC6815 /* AppDelegate.swift */; };
		D5A7A21C2F64B0F700BC6815 /* Launch Screen.storyboard in Resources */ = {isa = PBXBuildFile; fileRef = D5A7A21B2F64B0F700BC6815 /* Launch Screen.storyboard */; };
		D5D844872F89D62E006E3B11 /* LocationBridge.swift in Sources */ = {isa = PBXBuildFile; fileRef = D5D844862F89D62E006E3B11 /* LocationBridge.swift */; };
		D5DCC5492F85F6900071FD65 /* QuoteRequestView.swift in Sources */ = {isa = PBXBuildFile; fileRef = D5DCC5482F85F6900071FD65 /* QuoteRequestView.swift */; };
		DD55EE66FF77889900112201 /* SMLLiveActivityShared.swift in Sources */ = {isa = PBXBuildFile; fileRef = DD55EE66FF7788990011220F /* SMLLiveActivityShared.swift */; };
		DD55EE66FF77889900112202 /* SMLLiveActivityShared.swift in Sources */ = {isa = PBXBuildFile; fileRef = DD55EE66FF7788990011220F /* SMLLiveActivityShared.swift */; };
		E2758474238049926B2DE518 /* SwiftUI.framework in Frameworks */ = {isa = PBXBuildFile; fileRef = F8682DD32D90E119B9FDB122 /* SwiftUI.framework */; };
		EE66FF778899001122330011 /* SMLLiveActivityManager.swift in Sources */ = {isa = PBXBuildFile; fileRef = EE66FF778899001122330010 /* SMLLiveActivityManager.swift */; };
		F4264A0F34A5185FA539BC40 /* Foundation.framework in Frameworks */ = {isa = PBXBuildFile; fileRef = E445B850E1CED029E85D300E /* Foundation.framework */; };
		FF1122334455667788AABBCC /* iPadRootView.swift in Sources */ = {isa = PBXBuildFile; fileRef = FF1122334455667788AABB00 /* iPadRootView.swift */; };
		FF778899001122334455AA01 /* SMLLiveActivity.swift in Sources */ = {isa = PBXBuildFile; fileRef = FF778899001122334455AA00 /* SMLLiveActivity.swift */; };
		A1B2C3D4E5F6000011223345 /* SMLBackgroundRefresh.swift in Sources */ = {isa = PBXBuildFile; fileRef = A1B2C3D4E5F6000011223344 /* SMLBackgroundRefresh.swift */; };
/* End PBXBuildFile section */

/* Begin PBXContainerItemProxy section */
		B16FCFA5B723304303270A6F /* PBXContainerItemProxy */ = {
			isa = PBXContainerItemProxy;
			containerPortal = D5A7A1F82F64AF2A00BC6815 /* Project object */;
			proxyType = 1;
			remoteGlobalIDString = 2A307E6182F3878AC23BF145;
			remoteInfo = SMLWidget;
		};
/* End PBXContainerItemProxy section */

/* Begin PBXCopyFilesBuildPhase section */
		BFC67FB11E651B5DD85B9E99 /* Embed Foundation Extensions */ = {
			isa = PBXCopyFilesBuildPhase;
			buildActionMask = 2147483647;
			dstPath = "";
			dstSubfolderSpec = 13;
			files = (
				735F5826193184C858EBD47A /* SMLWidget.appex in Embed Foundation Extensions */,
			);
			name = "Embed Foundation Extensions";
			runOnlyForDeploymentPostprocessing = 0;
		};
/* End PBXCopyFilesBuildPhase section */

/* Begin PBXFileReference section */
		0D2DCEC9B6D2A1115211A249 /* SMLWidget.entitlements */ = {isa = PBXFileReference; includeInIndex = 1; lastKnownFileType = text.plist.entitlements; path = SMLWidget.entitlements; sourceTree = "<group>"; };
		0F2883B09BCE5C9B43166B9A /* SMLWidget.appex */ = {isa = PBXFileReference; explicitFileType = "wrapper.app-extension"; includeInIndex = 0; path = SMLWidget.appex; sourceTree = BUILT_PRODUCTS_DIR; };
		4C990C272E3E79C40B39A3CE /* SMLWidgetBundle.swift */ = {isa = PBXFileReference; includeInIndex = 1; lastKnownFileType = sourcecode.swift; path = SMLWidgetBundle.swift; sourceTree = "<group>"; };
		4FE2C00576976AEC8DC12AC4 /* SMLWidgetShared.swift */ = {isa = PBXFileReference; includeInIndex = 1; lastKnownFileType = sourcecode.swift; path = SMLWidgetShared.swift; sourceTree = "<group>"; };
		574D6F02BA1AF5C70E5F8DDA /* SMLWidget.swift */ = {isa = PBXFileReference; includeInIndex = 1; lastKnownFileType = sourcecode.swift; path = SMLWidget.swift; sourceTree = "<group>"; };
		7E1E4A014B65F5B2582BF6FC /* WidgetKit.framework */ = {isa = PBXFileReference; lastKnownFileType = wrapper.framework; name = WidgetKit.framework; path = System/Library/Frameworks/WidgetKit.framework; sourceTree = SDKROOT; };
		AA22BB33CC44DD55EE66FF77 /* NativeGuestHomeView.swift */ = {isa = PBXFileReference; lastKnownFileType = sourcecode.swift; path = NativeGuestHomeView.swift; sourceTree = "<group>"; };
		BB33CC44DD55EE66FF778800 /* NativeClientHomeView.swift */ = {isa = PBXFileReference; lastKnownFileType = sourcecode.swift; path = NativeClientHomeView.swift; sourceTree = "<group>"; };
		CC44DD55EE66FF7788990010 /* SMLIntents.swift */ = {isa = PBXFileReference; lastKnownFileType = sourcecode.swift; path = SMLIntents.swift; sourceTree = "<group>"; };
		D591D1742F64B7F1003A8934 /* RoleState.swift */ = {isa = PBXFileReference; lastKnownFileType = sourcecode.swift; path = RoleState.swift; sourceTree = "<group>"; };
		D5A7A2002F64AF2A00BC6815 /* SML.app */ = {isa = PBXFileReference; explicitFileType = wrapper.application; includeInIndex = 0; path = SML.app; sourceTree = BUILT_PRODUCTS_DIR; };
		D5A7A2032F64AF2A00BC6815 /* SMLApp.swift */ = {isa = PBXFileReference; lastKnownFileType = sourcecode.swift; path = SMLApp.swift; sourceTree = "<group>"; };
		D5A7A2052F64AF2A00BC6815 /* ContentView.swift */ = {isa = PBXFileReference; lastKnownFileType = sourcecode.swift; path = ContentView.swift; sourceTree = "<group>"; };
		D5A7A2072F64AF2E00BC6815 /* Assets.xcassets */ = {isa = PBXFileReference; lastKnownFileType = folder.assetcatalog; path = Assets.xcassets; sourceTree = "<group>"; };
		D5A7A20A2F64AF2E00BC6815 /* Preview Assets.xcassets */ = {isa = PBXFileReference; lastKnownFileType = folder.assetcatalog; path = "Preview Assets.xcassets"; sourceTree = "<group>"; };
		D5A7A2112F64AFFC00BC6815 /* WebView.swift */ = {isa = PBXFileReference; lastKnownFileType = sourcecode.swift; path = WebView.swift; sourceTree = "<group>"; };
		D5A7A2132F64B07100BC6815 /* PushState.swift */ = {isa = PBXFileReference; lastKnownFileType = sourcecode.swift; path = PushState.swift; sourceTree = "<group>"; };
		D5A7A2152F64B0A200BC6815 /* NotificationsView.swift */ = {isa = PBXFileReference; lastKnownFileType = sourcecode.swift; path = NotificationsView.swift; sourceTree = "<group>"; };
		D5A7A2172F64B0BA00BC6815 /* MoreRootView.swift */ = {isa = PBXFileReference; lastKnownFileType = sourcecode.swift; path = MoreRootView.swift; sourceTree = "<group>"; };
		D5A7A2192F64B0D100BC6815 /* AppDelegate.swift */ = {isa = PBXFileReference; lastKnownFileType = sourcecode.swift; path = AppDelegate.swift; sourceTree = "<group>"; };
		D5A7A21B2F64B0F700BC6815 /* Launch Screen.storyboard */ = {isa = PBXFileReference; lastKnownFileType = file.storyboard; path = "Launch Screen.storyboard"; sourceTree = "<group>"; };
		D5BA7C412F64C52300E09798 /* SML.entitlements */ = {isa = PBXFileReference; lastKnownFileType = text.plist.entitlements; path = SML.entitlements; sourceTree = "<group>"; };
		D5BA7C422F64C52E00E09798 /* Info.plist */ = {isa = PBXFileReference; lastKnownFileType = text.plist; path = Info.plist; sourceTree = "<group>"; };
		D5D844862F89D62E006E3B11 /* LocationBridge.swift */ = {isa = PBXFileReference; lastKnownFileType = sourcecode.swift; path = LocationBridge.swift; sourceTree = "<group>"; };
		D5DCC5482F85F6900071FD65 /* QuoteRequestView.swift */ = {isa = PBXFileReference; lastKnownFileType = sourcecode.swift; path = QuoteRequestView.swift; sourceTree = "<group>"; };
		DD55EE66FF7788990011220F /* SMLLiveActivityShared.swift */ = {isa = PBXFileReference; lastKnownFileType = sourcecode.swift; path = SMLLiveActivityShared.swift; sourceTree = "<group>"; };
		E445B850E1CED029E85D300E /* Foundation.framework */ = {isa = PBXFileReference; lastKnownFileType = wrapper.framework; name = Foundation.framework; path = Platforms/iPhoneOS.platform/Developer/SDKs/iPhoneOS18.0.sdk/System/Library/Frameworks/Foundation.framework; sourceTree = DEVELOPER_DIR; };
		A1B2C3D4E5F6000011223344 /* SMLBackgroundRefresh.swift */ = {isa = PBXFileReference; lastKnownFileType = sourcecode.swift; path = SMLBackgroundRefresh.swift; sourceTree = "<group>"; };
		EE66FF778899001122330010 /* SMLLiveActivityManager.swift */ = {isa = PBXFileReference; lastKnownFileType = sourcecode.swift; path = SMLLiveActivityManager.swift; sourceTree = "<group>"; };
		F8682DD32D90E119B9FDB122 /* SwiftUI.framework */ = {isa = PBXFileReference; lastKnownFileType = wrapper.framework; name = SwiftUI.framework; path = System/Library/Frameworks/SwiftUI.framework; sourceTree = SDKROOT; };
		FF1122334455667788AABB00 /* iPadRootView.swift */ = {isa = PBXFileReference; lastKnownFileType = sourcecode.swift; path = iPadRootView.swift; sourceTree = "<group>"; };
		FF778899001122334455AA00 /* SMLLiveActivity.swift */ = {isa = PBXFileReference; lastKnownFileType = sourcecode.swift; path = SMLLiveActivity.swift; sourceTree = "<group>"; };
/* End PBXFileReference section */

/* Begin PBXFrameworksBuildPhase section */
		8AE03595DD7FD9A082A207DA /* Frameworks */ = {
			isa = PBXFrameworksBuildPhase;
			buildActionMask = 2147483647;
			files = (
				F4264A0F34A5185FA539BC40 /* Foundation.framework in Frameworks */,
				2F94B3448D95F8F589C4F77E /* WidgetKit.framework in Frameworks */,
				E2758474238049926B2DE518 /* SwiftUI.framework in Frameworks */,
			);
			runOnlyForDeploymentPostprocessing = 0;
		};
		D5A7A1FD2F64AF2A00BC6815 /* Frameworks */ = {
			isa = PBXFrameworksBuildPhase;
			buildActionMask = 2147483647;
			files = (
			);
			runOnlyForDeploymentPostprocessing = 0;
		};
/* End PBXFrameworksBuildPhase section */

/* Begin PBXGroup section */
		1CFAB290A248B7D955ECB086 /* Frameworks */ = {
			isa = PBXGroup;
			children = (
				0F2883B09BCE5C9B43166B9A /* SMLWidget.appex */,
				B198001CCE303AABA5DFAB5A /* iOS */,
				7E1E4A014B65F5B2582BF6FC /* WidgetKit.framework */,
				F8682DD32D90E119B9FDB122 /* SwiftUI.framework */,
			);
			name = Frameworks;
			sourceTree = "<group>";
		};
		66298E80C3713288318ACDD0 /* SMLWidget */ = {
			isa = PBXGroup;
			children = (
				574D6F02BA1AF5C70E5F8DDA /* SMLWidget.swift */,
				4C990C272E3E79C40B39A3CE /* SMLWidgetBundle.swift */,
				0D2DCEC9B6D2A1115211A249 /* SMLWidget.entitlements */,
				FF778899001122334455AA00 /* SMLLiveActivity.swift */,
			);
			path = SMLWidget;
			sourceTree = "<group>";
		};
		B198001CCE303AABA5DFAB5A /* iOS */ = {
			isa = PBXGroup;
			children = (
				E445B850E1CED029E85D300E /* Foundation.framework */,
			);
			name = iOS;
			sourceTree = "<group>";
		};
		D5A7A1F72F64AF2A00BC6815 = {
			isa = PBXGroup;
			children = (
				D5A7A2022F64AF2A00BC6815 /* SML */,
				D5A7A2012F64AF2A00BC6815 /* Products */,
				1CFAB290A248B7D955ECB086 /* Frameworks */,
				66298E80C3713288318ACDD0 /* SMLWidget */,
			);
			sourceTree = "<group>";
		};
		D5A7A2012F64AF2A00BC6815 /* Products */ = {
			isa = PBXGroup;
			children = (
				D5A7A2002F64AF2A00BC6815 /* SML.app */,
			);
			name = Products;
			sourceTree = "<group>";
		};
		D5A7A2022F64AF2A00BC6815 /* SML */ = {
			isa = PBXGroup;
			children = (
				D5BA7C422F64C52E00E09798 /* Info.plist */,
				D5BA7C412F64C52300E09798 /* SML.entitlements */,
				D5A7A2112F64AFFC00BC6815 /* WebView.swift */,
				D5A7A2032F64AF2A00BC6815 /* SMLApp.swift */,
				D5A7A2052F64AF2A00BC6815 /* ContentView.swift */,
				FF1122334455667788AABB00 /* iPadRootView.swift */,
				AA22BB33CC44DD55EE66FF77 /* NativeGuestHomeView.swift */,
				BB33CC44DD55EE66FF778800 /* NativeClientHomeView.swift */,
				CC44DD55EE66FF7788990010 /* SMLIntents.swift */,
				DD55EE66FF7788990011220F /* SMLLiveActivityShared.swift */,
				EE66FF778899001122330010 /* SMLLiveActivityManager.swift */,
				A1B2C3D4E5F6000011223344 /* SMLBackgroundRefresh.swift */,
				D5A7A21B2F64B0F700BC6815 /* Launch Screen.storyboard */,
				D5A7A2132F64B07100BC6815 /* PushState.swift */,
				D591D1742F64B7F1003A8934 /* RoleState.swift */,
				D5A7A2152F64B0A200BC6815 /* NotificationsView.swift */,
				D5D844862F89D62E006E3B11 /* LocationBridge.swift */,
				D5A7A2172F64B0BA00BC6815 /* MoreRootView.swift */,
				D5A7A2192F64B0D100BC6815 /* AppDelegate.swift */,
				D5DCC5482F85F6900071FD65 /* QuoteRequestView.swift */,
				D5A7A2072F64AF2E00BC6815 /* Assets.xcassets */,
				D5A7A2092F64AF2E00BC6815 /* Preview Content */,
				4FE2C00576976AEC8DC12AC4 /* SMLWidgetShared.swift */,
			);
			path = SML;
			sourceTree = "<group>";
		};
		D5A7A2092F64AF2E00BC6815 /* Preview Content */ = {
			isa = PBXGroup;
			children = (
				D5A7A20A2F64AF2E00BC6815 /* Preview Assets.xcassets */,
			);
			path = "Preview Content";
			sourceTree = "<group>";
		};
/* End PBXGroup section */

/* Begin PBXNativeTarget section */
		2A307E6182F3878AC23BF145 /* SMLWidget */ = {
			isa = PBXNativeTarget;
			buildConfigurationList = F2BCBA4EEE4B3B81D14DAE87 /* Build configuration list for PBXNativeTarget "SMLWidget" */;
			buildPhases = (
				BA31A538D180ADA893EBAB5C /* Sources */,
				8AE03595DD7FD9A082A207DA /* Frameworks */,
				9F7BB6514C45AD6EA1ECBF6B /* Resources */,
			);
			buildRules = (
			);
			dependencies = (
			);
			name = SMLWidget;
			productName = SMLWidget;
			productReference = 0F2883B09BCE5C9B43166B9A /* SMLWidget.appex */;
			productType = "com.apple.product-type.app-extension";
		};
		D5A7A1FF2F64AF2A00BC6815 /* SML */ = {
			isa = PBXNativeTarget;
			buildConfigurationList = D5A7A20E2F64AF2E00BC6815 /* Build configuration list for PBXNativeTarget "SML" */;
			buildPhases = (
				D5A7A1FC2F64AF2A00BC6815 /* Sources */,
				D5A7A1FD2F64AF2A00BC6815 /* Frameworks */,
				D5A7A1FE2F64AF2A00BC6815 /* Resources */,
				BFC67FB11E651B5DD85B9E99 /* Embed Foundation Extensions */,
			);
			buildRules = (
			);
			dependencies = (
				C3688F14A9F93E4B0FE9F1F5 /* PBXTargetDependency */,
			);
			name = SML;
			productName = SML;
			productReference = D5A7A2002F64AF2A00BC6815 /* SML.app */;
			productType = "com.apple.product-type.application";
		};
/* End PBXNativeTarget section */

/* Begin PBXProject section */
		D5A7A1F82F64AF2A00BC6815 /* Project object */ = {
			isa = PBXProject;
			attributes = {
				BuildIndependentTargetsInParallel = 1;
				LastSwiftUpdateCheck = 1520;
				LastUpgradeCheck = 1520;
				TargetAttributes = {
					D5A7A1FF2F64AF2A00BC6815 = {
						CreatedOnToolsVersion = 15.2;
					};
				};
			};
			buildConfigurationList = D5A7A1FB2F64AF2A00BC6815 /* Build configuration list for PBXProject "SML" */;
			compatibilityVersion = "Xcode 14.0";
			developmentRegion = en;
			hasScannedForEncodings = 0;
			knownRegions = (
				en,
				Base,
			);
			mainGroup = D5A7A1F72F64AF2A00BC6815;
			productRefGroup = D5A7A2012F64AF2A00BC6815 /* Products */;
			projectDirPath = "";
			projectRoot = "";
			targets = (
				D5A7A1FF2F64AF2A00BC6815 /* SML */,
				2A307E6182F3878AC23BF145 /* SMLWidget */,
			);
		};
/* End PBXProject section */

/* Begin PBXResourcesBuildPhase section */
		9F7BB6514C45AD6EA1ECBF6B /* Resources */ = {
			isa = PBXResourcesBuildPhase;
			buildActionMask = 2147483647;
			files = (
				AA11BB22CC33DD44EE55FF66 /* Assets.xcassets in Resources */,
			);
			runOnlyForDeploymentPostprocessing = 0;
		};
		D5A7A1FE2F64AF2A00BC6815 /* Resources */ = {
			isa = PBXResourcesBuildPhase;
			buildActionMask = 2147483647;
			files = (
				D5A7A21C2F64B0F700BC6815 /* Launch Screen.storyboard in Resources */,
				D5A7A20B2F64AF2E00BC6815 /* Preview Assets.xcassets in Resources */,
				D5A7A2082F64AF2E00BC6815 /* Assets.xcassets in Resources */,
			);
			runOnlyForDeploymentPostprocessing = 0;
		};
/* End PBXResourcesBuildPhase section */

/* Begin PBXSourcesBuildPhase section */
		BA31A538D180ADA893EBAB5C /* Sources */ = {
			isa = PBXSourcesBuildPhase;
			buildActionMask = 2147483647;
			files = (
				807B62334C0FE02A0B59CF41 /* SMLWidget.swift in Sources */,
				C9778975230A187C7DC92FFE /* SMLWidgetBundle.swift in Sources */,
				383E2664D42C86098F069013 /* SMLWidgetShared.swift in Sources */,
				D566A59E2FAFB6090097B0F8 /* SMLLiveActivityManager.swift in Sources */,
				DD55EE66FF77889900112202 /* SMLLiveActivityShared.swift in Sources */,
				FF778899001122334455AA01 /* SMLLiveActivity.swift in Sources */,
			);
			runOnlyForDeploymentPostprocessing = 0;
		};
		D5A7A1FC2F64AF2A00BC6815 /* Sources */ = {
			isa = PBXSourcesBuildPhase;
			buildActionMask = 2147483647;
			files = (
				D5A7A2122F64AFFC00BC6815 /* WebView.swift in Sources */,
				D5A7A2182F64B0BA00BC6815 /* MoreRootView.swift in Sources */,
				D5A7A2162F64B0A200BC6815 /* NotificationsView.swift in Sources */,
				D5A7A2062F64AF2A00BC6815 /* ContentView.swift in Sources */,
				FF1122334455667788AABBCC /* iPadRootView.swift in Sources */,
				AA22BB33CC44DD55EE66FF78 /* NativeGuestHomeView.swift in Sources */,
				BB33CC44DD55EE66FF778801 /* NativeClientHomeView.swift in Sources */,
				CC44DD55EE66FF7788990011 /* SMLIntents.swift in Sources */,
				DD55EE66FF77889900112201 /* SMLLiveActivityShared.swift in Sources */,
				EE66FF778899001122330011 /* SMLLiveActivityManager.swift in Sources */,
				D5A7A21A2F64B0D100BC6815 /* AppDelegate.swift in Sources */,
				D5D844872F89D62E006E3B11 /* LocationBridge.swift in Sources */,
				D5DCC5492F85F6900071FD65 /* QuoteRequestView.swift in Sources */,
				D591D1752F64B7F1003A8934 /* RoleState.swift in Sources */,
				D5A7A2042F64AF2A00BC6815 /* SMLApp.swift in Sources */,
				D5A7A2142F64B07100BC6815 /* PushState.swift in Sources */,
				B4BE104C5AFFCEDCC121645C /* SMLWidgetShared.swift in Sources */,
				A1B2C3D4E5F6000011223345 /* SMLBackgroundRefresh.swift in Sources */,
			);
			runOnlyForDeploymentPostprocessing = 0;
		};
/* End PBXSourcesBuildPhase section */

/* Begin PBXTargetDependency section */
		C3688F14A9F93E4B0FE9F1F5 /* PBXTargetDependency */ = {
			isa = PBXTargetDependency;
			name = SMLWidget;
			target = 2A307E6182F3878AC23BF145 /* SMLWidget */;
			targetProxy = B16FCFA5B723304303270A6F /* PBXContainerItemProxy */;
		};
/* End PBXTargetDependency section */

/* Begin XCBuildConfiguration section */
		9AA35240FF494701BBD2D62B /* Debug */ = {
			isa = XCBuildConfiguration;
			buildSettings = {
				ASSETCATALOG_COMPILER_GLOBAL_ACCENT_COLOR_NAME = AccentColor;
				CLANG_ENABLE_OBJC_WEAK = NO;
				CODE_SIGN_ENTITLEMENTS = SMLWidget/SMLWidget.entitlements;
				CODE_SIGN_STYLE = Automatic;
				CURRENT_PROJECT_VERSION = 2;
				DEVELOPMENT_TEAM = L26V97VA78;
				INFOPLIST_FILE = SMLWidget/Info.plist;
				IPHONEOS_DEPLOYMENT_TARGET = 16.0;
				LD_RUNPATH_SEARCH_PATHS = (
					"$(inherited)",
					"@executable_path/Frameworks",
					"@executable_path/../../Frameworks",
				);
				MARKETING_VERSION = 1.0.3;
				PRODUCT_BUNDLE_IDENTIFIER = stmaryslandscaping.ca.SML.widget;
				PRODUCT_NAME = SMLWidget;
				SDKROOT = iphoneos;
				SKIP_INSTALL = YES;
				SWIFT_VERSION = 5.0;
				TARGETED_DEVICE_FAMILY = "1,2";
			};
			name = Debug;
		};
		D5A7A20C2F64AF2E00BC6815 /* Debug */ = {
			isa = XCBuildConfiguration;
			buildSettings = {
				ALWAYS_SEARCH_USER_PATHS = NO;
				ASSETCATALOG_COMPILER_GENERATE_SWIFT_ASSET_SYMBOL_EXTENSIONS = YES;
				CLANG_ANALYZER_NONNULL = YES;
				CLANG_ANALYZER_NUMBER_OBJECT_CONVERSION = YES_AGGRESSIVE;
				CLANG_CXX_LANGUAGE_STANDARD = "gnu++20";
				CLANG_ENABLE_MODULES = YES;
				CLANG_ENABLE_OBJC_ARC = YES;
				CLANG_ENABLE_OBJC_WEAK = YES;
				CLANG_WARN_BLOCK_CAPTURE_AUTORELEASING = YES;
				CLANG_WARN_BOOL_CONVERSION = YES;
				CLANG_WARN_COMMA = YES;
				CLANG_WARN_CONSTANT_CONVERSION = YES;
				CLANG_WARN_DEPRECATED_OBJC_IMPLEMENTATIONS = YES;
				CLANG_WARN_DIRECT_OBJC_ISA_USAGE = YES_ERROR;
				CLANG_WARN_DOCUMENTATION_COMMENTS = YES;
				CLANG_WARN_EMPTY_BODY = YES;
				CLANG_WARN_ENUM_CONVERSION = YES;
				CLANG_WARN_INFINITE_RECURSION = YES;
				CLANG_WARN_INT_CONVERSION = YES;
				CLANG_WARN_NON_LITERAL_NULL_CONVERSION = YES;
				CLANG_WARN_OBJC_IMPLICIT_RETAIN_SELF = YES;
				CLANG_WARN_OBJC_LITERAL_CONVERSION = YES;
				CLANG_WARN_OBJC_ROOT_CLASS = YES_ERROR;
				CLANG_WARN_QUOTED_INCLUDE_IN_FRAMEWORK_HEADER = YES;
				CLANG_WARN_RANGE_LOOP_ANALYSIS = YES;
				CLANG_WARN_STRICT_PROTOTYPES = YES;
				CLANG_WARN_SUSPICIOUS_MOVE = YES;
				CLANG_WARN_UNGUARDED_AVAILABILITY = YES_AGGRESSIVE;
				CLANG_WARN_UNREACHABLE_CODE = YES;
				CLANG_WARN__DUPLICATE_METHOD_MATCH = YES;
				COPY_PHASE_STRIP = NO;
				DEBUG_INFORMATION_FORMAT = dwarf;
				ENABLE_STRICT_OBJC_MSGSEND = YES;
				ENABLE_TESTABILITY = YES;
				ENABLE_USER_SCRIPT_SANDBOXING = YES;
				GCC_C_LANGUAGE_STANDARD = gnu17;
				GCC_DYNAMIC_NO_PIC = NO;
				GCC_NO_COMMON_BLOCKS = YES;
				GCC_OPTIMIZATION_LEVEL = 0;
				GCC_PREPROCESSOR_DEFINITIONS = (
					"DEBUG=1",
					"$(inherited)",
				);
				GCC_WARN_64_TO_32_BIT_CONVERSION = YES;
				GCC_WARN_ABOUT_RETURN_TYPE = YES_ERROR;
				GCC_WARN_UNDECLARED_SELECTOR = YES;
				GCC_WARN_UNINITIALIZED_AUTOS = YES_AGGRESSIVE;
				GCC_WARN_UNUSED_FUNCTION = YES;
				GCC_WARN_UNUSED_VARIABLE = YES;
				IPHONEOS_DEPLOYMENT_TARGET = 17.2;
				LOCALIZATION_PREFERS_STRING_CATALOGS = YES;
				MTL_ENABLE_DEBUG_INFO = INCLUDE_SOURCE;
				MTL_FAST_MATH = YES;
				ONLY_ACTIVE_ARCH = YES;
				SDKROOT = iphoneos;
				SWIFT_ACTIVE_COMPILATION_CONDITIONS = "DEBUG $(inherited)";
				SWIFT_OPTIMIZATION_LEVEL = "-Onone";
			};
			name = Debug;
		};
		D5A7A20D2F64AF2E00BC6815 /* Release */ = {
			isa = XCBuildConfiguration;
			buildSettings = {
				ALWAYS_SEARCH_USER_PATHS = NO;
				ASSETCATALOG_COMPILER_GENERATE_SWIFT_ASSET_SYMBOL_EXTENSIONS = YES;
				CLANG_ANALYZER_NONNULL = YES;
				CLANG_ANALYZER_NUMBER_OBJECT_CONVERSION = YES_AGGRESSIVE;
				CLANG_CXX_LANGUAGE_STANDARD = "gnu++20";
				CLANG_ENABLE_MODULES = YES;
				CLANG_ENABLE_OBJC_ARC = YES;
				CLANG_ENABLE_OBJC_WEAK = YES;
				CLANG_WARN_BLOCK_CAPTURE_AUTORELEASING = YES;
				CLANG_WARN_BOOL_CONVERSION = YES;
				CLANG_WARN_COMMA = YES;
				CLANG_WARN_CONSTANT_CONVERSION = YES;
				CLANG_WARN_DEPRECATED_OBJC_IMPLEMENTATIONS = YES;
				CLANG_WARN_DIRECT_OBJC_ISA_USAGE = YES_ERROR;
				CLANG_WARN_DOCUMENTATION_COMMENTS = YES;
				CLANG_WARN_EMPTY_BODY = YES;
				CLANG_WARN_ENUM_CONVERSION = YES;
				CLANG_WARN_INFINITE_RECURSION = YES;
				CLANG_WARN_INT_CONVERSION = YES;
				CLANG_WARN_NON_LITERAL_NULL_CONVERSION = YES;
				CLANG_WARN_OBJC_IMPLICIT_RETAIN_SELF = YES;
				CLANG_WARN_OBJC_LITERAL_CONVERSION = YES;
				CLANG_WARN_OBJC_ROOT_CLASS = YES_ERROR;
				CLANG_WARN_QUOTED_INCLUDE_IN_FRAMEWORK_HEADER = YES;
				CLANG_WARN_RANGE_LOOP_ANALYSIS = YES;
				CLANG_WARN_STRICT_PROTOTYPES = YES;
				CLANG_WARN_SUSPICIOUS_MOVE = YES;
				CLANG_WARN_UNGUARDED_AVAILABILITY = YES_AGGRESSIVE;
				CLANG_WARN_UNREACHABLE_CODE = YES;
				CLANG_WARN__DUPLICATE_METHOD_MATCH = YES;
				COPY_PHASE_STRIP = NO;
				DEBUG_INFORMATION_FORMAT = "dwarf-with-dsym";
				ENABLE_NS_ASSERTIONS = NO;
				ENABLE_STRICT_OBJC_MSGSEND = YES;
				ENABLE_USER_SCRIPT_SANDBOXING = YES;
				GCC_C_LANGUAGE_STANDARD = gnu17;
				GCC_NO_COMMON_BLOCKS = YES;
				GCC_WARN_64_TO_32_BIT_CONVERSION = YES;
				GCC_WARN_ABOUT_RETURN_TYPE = YES_ERROR;
				GCC_WARN_UNDECLARED_SELECTOR = YES;
				GCC_WARN_UNINITIALIZED_AUTOS = YES_AGGRESSIVE;
				GCC_WARN_UNUSED_FUNCTION = YES;
				GCC_WARN_UNUSED_VARIABLE = YES;
				IPHONEOS_DEPLOYMENT_TARGET = 17.2;
				LOCALIZATION_PREFERS_STRING_CATALOGS = YES;
				MTL_ENABLE_DEBUG_INFO = NO;
				MTL_FAST_MATH = YES;
				SDKROOT = iphoneos;
				SWIFT_COMPILATION_MODE = wholemodule;
				VALIDATE_PRODUCT = YES;
			};
			name = Release;
		};
		D5A7A20F2F64AF2E00BC6815 /* Debug */ = {
			isa = XCBuildConfiguration;
			buildSettings = {
				ASSETCATALOG_COMPILER_APPICON_NAME = AppIcon;
				ASSETCATALOG_COMPILER_GLOBAL_ACCENT_COLOR_NAME = AccentColor;
				CODE_SIGN_ALLOW_ENTITLEMENTS_MODIFICATION = Yes;
				CODE_SIGN_ENTITLEMENTS = SML/SML.entitlements;
				CODE_SIGN_STYLE = Automatic;
				CURRENT_PROJECT_VERSION = 2;
				DEVELOPMENT_ASSET_PATHS = "\"SML/Preview Content\"";
				DEVELOPMENT_TEAM = L26V97VA78;
				ENABLE_PREVIEWS = YES;
				GENERATE_INFOPLIST_FILE = YES;
				INFOPLIST_FILE = SML/Info.plist;
				INFOPLIST_KEY_NSFaceIDUsageDescription = "Use Face ID to unlock the SML app.";
				INFOPLIST_KEY_UIApplicationSceneManifest_Generation = YES;
				INFOPLIST_KEY_UIApplicationSupportsIndirectInputEvents = YES;
				INFOPLIST_KEY_UILaunchScreen_Generation = YES;
				INFOPLIST_KEY_UILaunchStoryboardName = "Launch Screen.storyboard";
				INFOPLIST_KEY_UISupportedInterfaceOrientations_iPad = "UIInterfaceOrientationPortrait UIInterfaceOrientationPortraitUpsideDown UIInterfaceOrientationLandscapeLeft UIInterfaceOrientationLandscapeRight";
				INFOPLIST_KEY_UISupportedInterfaceOrientations_iPhone = "UIInterfaceOrientationPortrait UIInterfaceOrientationLandscapeLeft UIInterfaceOrientationLandscapeRight";
				LD_RUNPATH_SEARCH_PATHS = (
					"$(inherited)",
					"@executable_path/Frameworks",
				);
				MARKETING_VERSION = 1.0.3;
				NEW_SETTING = "";
				NEW_SETTING1 = "";
				PRODUCT_BUNDLE_IDENTIFIER = stmaryslandscaping.ca.SML;
				PRODUCT_NAME = "$(TARGET_NAME)";
				SWIFT_EMIT_LOC_STRINGS = YES;
				SWIFT_VERSION = 5.0;
				TARGETED_DEVICE_FAMILY = "1,2";
			};
			name = Debug;
		};
		D5A7A2102F64AF2E00BC6815 /* Release */ = {
			isa = XCBuildConfiguration;
			buildSettings = {
				ASSETCATALOG_COMPILER_APPICON_NAME = AppIcon;
				ASSETCATALOG_COMPILER_GLOBAL_ACCENT_COLOR_NAME = AccentColor;
				CODE_SIGN_ALLOW_ENTITLEMENTS_MODIFICATION = Yes;
				CODE_SIGN_ENTITLEMENTS = SML/SML.entitlements;
				CODE_SIGN_STYLE = Automatic;
				CURRENT_PROJECT_VERSION = 2;
				DEVELOPMENT_ASSET_PATHS = "\"SML/Preview Content\"";
				DEVELOPMENT_TEAM = L26V97VA78;
				ENABLE_PREVIEWS = YES;
				GENERATE_INFOPLIST_FILE = YES;
				INFOPLIST_FILE = SML/Info.plist;
				INFOPLIST_KEY_NSFaceIDUsageDescription = "Use Face ID to unlock the SML app.";
				INFOPLIST_KEY_UIApplicationSceneManifest_Generation = YES;
				INFOPLIST_KEY_UIApplicationSupportsIndirectInputEvents = YES;
				INFOPLIST_KEY_UILaunchScreen_Generation = YES;
				INFOPLIST_KEY_UILaunchStoryboardName = "Launch Screen.storyboard";
				INFOPLIST_KEY_UISupportedInterfaceOrientations_iPad = "UIInterfaceOrientationPortrait UIInterfaceOrientationPortraitUpsideDown UIInterfaceOrientationLandscapeLeft UIInterfaceOrientationLandscapeRight";
				INFOPLIST_KEY_UISupportedInterfaceOrientations_iPhone = "UIInterfaceOrientationPortrait UIInterfaceOrientationLandscapeLeft UIInterfaceOrientationLandscapeRight";
				LD_RUNPATH_SEARCH_PATHS = (
					"$(inherited)",
					"@executable_path/Frameworks",
				);
				MARKETING_VERSION = 1.0.3;
				NEW_SETTING = "";
				NEW_SETTING1 = "";
				PRODUCT_BUNDLE_IDENTIFIER = stmaryslandscaping.ca.SML;
				PRODUCT_NAME = "$(TARGET_NAME)";
				SWIFT_EMIT_LOC_STRINGS = YES;
				SWIFT_VERSION = 5.0;
				TARGETED_DEVICE_FAMILY = "1,2";
			};
			name = Release;
		};
		F83B5EA91FB07CCA28F05114 /* Release */ = {
			isa = XCBuildConfiguration;
			buildSettings = {
				ASSETCATALOG_COMPILER_GLOBAL_ACCENT_COLOR_NAME = AccentColor;
				CLANG_ENABLE_OBJC_WEAK = NO;
				CODE_SIGN_ENTITLEMENTS = SMLWidget/SMLWidget.entitlements;
				CODE_SIGN_STYLE = Automatic;
				CURRENT_PROJECT_VERSION = 2;
				DEVELOPMENT_TEAM = L26V97VA78;
				INFOPLIST_FILE = SMLWidget/Info.plist;
				IPHONEOS_DEPLOYMENT_TARGET = 16.0;
				LD_RUNPATH_SEARCH_PATHS = (
					"$(inherited)",
					"@executable_path/Frameworks",
					"@executable_path/../../Frameworks",
				);
				MARKETING_VERSION = 1.0.3;
				PRODUCT_BUNDLE_IDENTIFIER = stmaryslandscaping.ca.SML.widget;
				PRODUCT_NAME = SMLWidget;
				SDKROOT = iphoneos;
				SKIP_INSTALL = YES;
				SWIFT_VERSION = 5.0;
				TARGETED_DEVICE_FAMILY = "1,2";
				VALIDATE_PRODUCT = YES;
			};
			name = Release;
		};
/* End XCBuildConfiguration section */

/* Begin XCConfigurationList section */
		D5A7A1FB2F64AF2A00BC6815 /* Build configuration list for PBXProject "SML" */ = {
			isa = XCConfigurationList;
			buildConfigurations = (
				D5A7A20C2F64AF2E00BC6815 /* Debug */,
				D5A7A20D2F64AF2E00BC6815 /* Release */,
			);
			defaultConfigurationIsVisible = 0;
			defaultConfigurationName = Release;
		};
		D5A7A20E2F64AF2E00BC6815 /* Build configuration list for PBXNativeTarget "SML" */ = {
			isa = XCConfigurationList;
			buildConfigurations = (
				D5A7A20F2F64AF2E00BC6815 /* Debug */,
				D5A7A2102F64AF2E00BC6815 /* Release */,
			);
			defaultConfigurationIsVisible = 0;
			defaultConfigurationName = Release;
		};
		F2BCBA4EEE4B3B81D14DAE87 /* Build configuration list for PBXNativeTarget "SMLWidget" */ = {
			isa = XCConfigurationList;
			buildConfigurations = (
				F83B5EA91FB07CCA28F05114 /* Release */,
				9AA35240FF494701BBD2D62B /* Debug */,
			);
			defaultConfigurationIsVisible = 0;
			defaultConfigurationName = Release;
		};
/* End XCConfigurationList section */
	};
	rootObject = D5A7A1F82F64AF2A00BC6815 /* Project object */;
}
